<?xml version="1.0" encoding="utf-8"?>
<Project ToolsVersion="4.0" xmlns="http://schemas.microsoft.com/developer/msbuild/2003">
  <ItemGroup>
    <Filter Include="Resource Files">
      <UniqueIdentifier>{67DA6AB6-F800-4c08-8B7A-83BB121AAD01}</UniqueIdentifier>
      <Extensions>rc;ico;cur;bmp;dlg;rc2;rct;bin;rgs;gif;jpg;jpeg;jpe;resx;tiff;tif;png;wav;mfcribbon-ms</Extensions>
    </Filter>
    <Filter Include="Resource Files\dialogs">
      <UniqueIdentifier>{5d335c3d-6ae4-4d05-b007-69721325a967}</UniqueIdentifier>
    </Filter>
    <Filter Include="DialogXML">
      <UniqueIdentifier>{c78081e9-5fcc-42b4-83e6-e97f255c7c69}</UniqueIdentifier>
    </Filter>
    <Filter Include="FileIO">
      <UniqueIdentifier>{9cf330f0-f1c7-4eff-83b2-0b7253c81e40}</UniqueIdentifier>
    </Filter>
    <Filter Include="Gfx">
      <UniqueIdentifier>{25408791-aa64-420c-82db-c08d15a65c8e}</UniqueIdentifier>
    </Filter>
    <Filter Include="Scenario">
      <UniqueIdentifier>{7ddcd53c-6f86-42a9-bfbb-3c18ba379af2}</UniqueIdentifier>
    </Filter>
    <Filter Include="Tools">
      <UniqueIdentifier>{e99762eb-c38d-463e-a2c1-27bfa23b93fa}</UniqueIdentifier>
    </Filter>
    <Filter Include="Universe">
      <UniqueIdentifier>{f8858365-92f5-45d5-9c3a-6b2e9e2a0bf9}</UniqueIdentifier>
    </Filter>
    <Filter Include="FileIO\TinyXML">
      <UniqueIdentifier>{e676530f-5465-4969-96a2-b85db36da228}</UniqueIdentifier>
    </Filter>
    <Filter Include="FileIO\ResMgr">
      <UniqueIdentifier>{4b48df9b-6971-4ad6-91db-a78325f5ab74}</UniqueIdentifier>
    </Filter>
    <Filter Include="FileIO\GZStream">
      <UniqueIdentifier>{c7414c7f-ccee-4571-8ed3-2d2c6e0d24f3}</UniqueIdentifier>
    </Filter>
    <Filter Include="DialogXML\Dialogs">
      <UniqueIdentifier>{824a5f91-f8e5-4e7e-99c9-f1f05c28b7c2}</UniqueIdentifier>
    </Filter>
    <Filter Include="DialogXML\Widgets">
      <UniqueIdentifier>{a468bac4-397d-45da-bfcd-281b8b5f55c0}</UniqueIdentifier>
    </Filter>
  </ItemGroup>
  <ItemGroup>
    <Xml Include="..\..\..\rsrc\dialogs\1str.xml">
      <Filter>Resource Files\dialogs</Filter>
    </Xml>
    <Xml Include="..\..\..\rsrc\dialogs\1str-lg.xml">
      <Filter>Resource Files\dialogs</Filter>
    </Xml>
    <Xml Include="..\..\..\rsrc\dialogs\1str-title.xml">
      <Filter>Resource Files\dialogs</Filter>
    </Xml>
    <Xml Include="..\..\..\rsrc\dialogs\1str-title-lg.xml">
      <Filter>Resource Files\dialogs</Filter>
    </Xml>
    <Xml Include="..\..\..\rsrc\dialogs\2str.xml">
      <Filter>Resource Files\dialogs</Filter>
    </Xml>
    <Xml Include="..\..\..\rsrc\dialogs\2str-lg.xml">
      <Filter>Resource Files\dialogs</Filter>
    </Xml>
    <Xml Include="..\..\..\rsrc\dialogs\2str-title.xml">
      <Filter>Resource Files\dialogs</Filter>
    </Xml>
    <Xml Include="..\..\..\rsrc\dialogs\2str-title-lg.xml">
      <Filter>Resource Files\dialogs</Filter>
    </Xml>
    <Xml Include="..\..\..\rsrc\dialogs\abort-game.xml">
      <Filter>Resource Files\dialogs</Filter>
    </Xml>
    <Xml Include="..\..\..\rsrc\dialogs\about-boe.xml">
      <Filter>Resource Files\dialogs</Filter>
    </Xml>
    <Xml Include="..\..\..\rsrc\dialogs\about-pced.xml">
      <Filter>Resource Files\dialogs</Filter>
    </Xml>
    <Xml Include="..\..\..\rsrc\dialogs\about-scened.xml">
      <Filter>Resource Files\dialogs</Filter>
    </Xml>
    <Xml Include="..\..\..\rsrc\dialogs\add-new-sheet.xml">
      <Filter>Resource Files\dialogs</Filter>
    </Xml>
    <Xml Include="..\..\..\rsrc\dialogs\add-random-items.xml">
      <Filter>Resource Files\dialogs</Filter>
    </Xml>
    <Xml Include="..\..\..\rsrc\dialogs\adventure-notes.xml">
      <Filter>Resource Files\dialogs</Filter>
    </Xml>
    <Xml Include="..\..\..\rsrc\dialogs\attack-friendly.xml">
      <Filter>Resource Files\dialogs</Filter>
    </Xml>
    <Xml Include="..\..\..\rsrc\dialogs\basic-button.xml">
      <Filter>Resource Files\dialogs</Filter>
    </Xml>
    <Xml Include="..\..\..\rsrc\dialogs\basic-lever.xml">
      <Filter>Resource Files\dialogs</Filter>
    </Xml>
    <Xml Include="..\..\..\rsrc\dialogs\basic-portal.xml">
      <Filter>Resource Files\dialogs</Filter>
    </Xml>
    <Xml Include="..\..\..\rsrc\dialogs\basic-slope-down.xml">
      <Filter>Resource Files\dialogs</Filter>
    </Xml>
    <Xml Include="..\..\..\rsrc\dialogs\basic-slope-up.xml">
      <Filter>Resource Files\dialogs</Filter>
    </Xml>
    <Xml Include="..\..\..\rsrc\dialogs\basic-stair-down.xml">
      <Filter>Resource Files\dialogs</Filter>
    </Xml>
    <Xml Include="..\..\..\rsrc\dialogs\basic-stair-up.xml">
      <Filter>Resource Files\dialogs</Filter>
    </Xml>
    <Xml Include="..\..\..\rsrc\dialogs\basic-trap.xml">
      <Filter>Resource Files\dialogs</Filter>
    </Xml>
    <Xml Include="..\..\..\rsrc\dialogs\boat-bridge.xml">
      <Filter>Resource Files\dialogs</Filter>
    </Xml>
    <Xml Include="..\..\..\rsrc\dialogs\cast-spell.xml">
      <Filter>Resource Files\dialogs</Filter>
    </Xml>
    <Xml Include="..\..\..\rsrc\dialogs\change-terrain.xml">
      <Filter>Resource Files\dialogs</Filter>
    </Xml>
    <Xml Include="..\..\..\rsrc\dialogs\choose-bg.xml">
      <Filter>Resource Files\dialogs</Filter>
    </Xml>
    <Xml Include="..\..\..\rsrc\dialogs\choose-pict.xml">
      <Filter>Resource Files\dialogs</Filter>
    </Xml>
    <Xml Include="..\..\..\rsrc\dialogs\choose-string.xml">
      <Filter>Resource Files\dialogs</Filter>
    </Xml>
    <Xml Include="..\..\..\rsrc\dialogs\clear-items-confirm.xml">
      <Filter>Resource Files\dialogs</Filter>
    </Xml>
    <Xml Include="..\..\..\rsrc\dialogs\confirm-interrupt.xml">
      <Filter>Resource Files\dialogs</Filter>
    </Xml>
    <Xml Include="..\..\..\rsrc\dialogs\congrats-save.xml">
      <Filter>Resource Files\dialogs</Filter>
    </Xml>
    <Xml Include="..\..\..\rsrc\dialogs\convert-pics-now.xml">
      <Filter>Resource Files\dialogs</Filter>
    </Xml>
    <Xml Include="..\..\..\rsrc\dialogs\dark-slope-down.xml">
      <Filter>Resource Files\dialogs</Filter>
    </Xml>
    <Xml Include="..\..\..\rsrc\dialogs\dark-slope-up.xml">
      <Filter>Resource Files\dialogs</Filter>
    </Xml>
    <Xml Include="..\..\..\rsrc\dialogs\data-dump-confirm.xml">
      <Filter>Resource Files\dialogs</Filter>
    </Xml>
    <Xml Include="..\..\..\rsrc\dialogs\delete-pc-confirm.xml">
      <Filter>Resource Files\dialogs</Filter>
    </Xml>
    <Xml Include="..\..\..\rsrc\dialogs\delete-town-confirm.xml">
      <Filter>Resource Files\dialogs</Filter>
    </Xml>
    <Xml Include="..\..\..\rsrc\dialogs\discard-special-node.xml">
      <Filter>Resource Files\dialogs</Filter>
    </Xml>
    <Xml Include="..\..\..\rsrc\dialogs\drop-item-confirm.xml">
      <Filter>Resource Files\dialogs</Filter>
    </Xml>
    <Xml Include="..\..\..\rsrc\dialogs\edit-boats.xml">
      <Filter>Resource Files\dialogs</Filter>
    </Xml>
    <Xml Include="..\..\..\rsrc\dialogs\edit-day.xml">
      <Filter>Resource Files\dialogs</Filter>
    </Xml>
    <Xml Include="..\..\..\rsrc\dialogs\edit-dialog-text.xml">
      <Filter>Resource Files\dialogs</Filter>
    </Xml>
    <Xml Include="..\..\..\rsrc\dialogs\edit-horses.xml">
      <Filter>Resource Files\dialogs</Filter>
    </Xml>
    <Xml Include="..\..\..\rsrc\dialogs\edit-intro.xml">
      <Filter>Resource Files\dialogs</Filter>
    </Xml>
    <Xml Include="..\..\..\rsrc\dialogs\edit-item.xml">
      <Filter>Resource Files\dialogs</Filter>
    </Xml>
    <Xml Include="..\..\..\rsrc\dialogs\edit-item-abils.xml">
      <Filter>Resource Files\dialogs</Filter>
    </Xml>
    <Xml Include="..\..\..\rsrc\dialogs\edit-item-shortcut.xml">
      <Filter>Resource Files\dialogs</Filter>
    </Xml>
    <Xml Include="..\..\..\rsrc\dialogs\edit-mabil-general.xml">
      <Filter>Resource Files\dialogs</Filter>
    </Xml>
    <Xml Include="..\..\..\rsrc\dialogs\edit-mabil-missile.xml">
      <Filter>Resource Files\dialogs</Filter>
    </Xml>
    <Xml Include="..\..\..\rsrc\dialogs\edit-mabil-radiate.xml">
      <Filter>Resource Files\dialogs</Filter>
    </Xml>
    <Xml Include="..\..\..\rsrc\dialogs\edit-mabil-special.xml">
      <Filter>Resource Files\dialogs</Filter>
    </Xml>
    <Xml Include="..\..\..\rsrc\dialogs\edit-mabil-summon.xml">
      <Filter>Resource Files\dialogs</Filter>
    </Xml>
    <Xml Include="..\..\..\rsrc\dialogs\edit-monster.xml">
      <Filter>Resource Files\dialogs</Filter>
    </Xml>
    <Xml Include="..\..\..\rsrc\dialogs\edit-monster-abils.xml">
      <Filter>Resource Files\dialogs</Filter>
    </Xml>
    <Xml Include="..\..\..\rsrc\dialogs\edit-outdoor-details.xml">
      <Filter>Resource Files\dialogs</Filter>
    </Xml>
    <Xml Include="..\..\..\rsrc\dialogs\edit-outdoor-encounter.xml">
      <Filter>Resource Files\dialogs</Filter>
    </Xml>
    <Xml Include="..\..\..\rsrc\dialogs\edit-party.xml">
      <Filter>Resource Files\dialogs</Filter>
    </Xml>
    <Xml Include="..\..\..\rsrc\dialogs\edit-personality.xml">
      <Filter>Resource Files\dialogs</Filter>
    </Xml>
    <Xml Include="..\..\..\rsrc\dialogs\edit-placed-item.xml">
      <Filter>Resource Files\dialogs</Filter>
    </Xml>
    <Xml Include="..\..\..\rsrc\dialogs\edit-quest.xml">
      <Filter>Resource Files\dialogs</Filter>
    </Xml>
    <Xml Include="..\..\..\rsrc\dialogs\edit-save-rects.xml">
      <Filter>Resource Files\dialogs</Filter>
    </Xml>
    <Xml Include="..\..\..\rsrc\dialogs\edit-scenario-details.xml">
      <Filter>Resource Files\dialogs</Filter>
    </Xml>
    <Xml Include="..\..\..\rsrc\dialogs\edit-scenario-events.xml">
      <Filter>Resource Files\dialogs</Filter>
    </Xml>
    <Xml Include="..\..\..\rsrc\dialogs\edit-shop.xml">
      <Filter>Resource Files\dialogs</Filter>
    </Xml>
    <Xml Include="..\..\..\rsrc\dialogs\edit-shop-item.xml">
      <Filter>Resource Files\dialogs</Filter>
    </Xml>
    <Xml Include="..\..\..\rsrc\dialogs\edit-shop-special.xml">
      <Filter>Resource Files\dialogs</Filter>
    </Xml>
    <Xml Include="..\..\..\rsrc\dialogs\edit-sign.xml">
      <Filter>Resource Files\dialogs</Filter>
    </Xml>
    <Xml Include="..\..\..\rsrc\dialogs\edit-sounds.xml">
      <Filter>Resource Files\dialogs</Filter>
    </Xml>
    <Xml Include="..\..\..\rsrc\dialogs\edit-special-assign.xml">
      <Filter>Resource Files\dialogs</Filter>
    </Xml>
    <Xml Include="..\..\..\rsrc\dialogs\edit-special-item.xml">
      <Filter>Resource Files\dialogs</Filter>
    </Xml>
    <Xml Include="..\..\..\rsrc\dialogs\edit-special-node.xml">
      <Filter>Resource Files\dialogs</Filter>
    </Xml>
    <Xml Include="..\..\..\rsrc\dialogs\edit-special-text.xml">
      <Filter>Resource Files\dialogs</Filter>
    </Xml>
    <Xml Include="..\..\..\rsrc\dialogs\edit-special-text-sm.xml">
      <Filter>Resource Files\dialogs</Filter>
    </Xml>
    <Xml Include="..\..\..\rsrc\dialogs\edit-talk-node.xml">
      <Filter>Resource Files\dialogs</Filter>
    </Xml>
    <Xml Include="..\..\..\rsrc\dialogs\edit-ter-obj.xml">
      <Filter>Resource Files\dialogs</Filter>
    </Xml>
    <Xml Include="..\..\..\rsrc\dialogs\edit-terrain.xml">
      <Filter>Resource Files\dialogs</Filter>
    </Xml>
    <Xml Include="..\..\..\rsrc\dialogs\edit-text.xml">
      <Filter>Resource Files\dialogs</Filter>
    </Xml>
    <Xml Include="..\..\..\rsrc\dialogs\edit-town-advanced.xml">
      <Filter>Resource Files\dialogs</Filter>
    </Xml>
    <Xml Include="..\..\..\rsrc\dialogs\edit-town-details.xml">
      <Filter>Resource Files\dialogs</Filter>
    </Xml>
    <Xml Include="..\..\..\rsrc\dialogs\edit-town-events.xml">
      <Filter>Resource Files\dialogs</Filter>
    </Xml>
    <Xml Include="..\..\..\rsrc\dialogs\edit-townperson.xml">
      <Filter>Resource Files\dialogs</Filter>
    </Xml>
    <Xml Include="..\..\..\rsrc\dialogs\edit-townperson-advanced.xml">
      <Filter>Resource Files\dialogs</Filter>
    </Xml>
    <Xml Include="..\..\..\rsrc\dialogs\edit-town-varying.xml">
      <Filter>Resource Files\dialogs</Filter>
    </Xml>
    <Xml Include="..\..\..\rsrc\dialogs\edit-town-wandering.xml">
      <Filter>Resource Files\dialogs</Filter>
    </Xml>
    <Xml Include="..\..\..\rsrc\dialogs\edit-xp.xml">
      <Filter>Resource Files\dialogs</Filter>
    </Xml>
    <Xml Include="..\..\..\rsrc\dialogs\event-journal.xml">
      <Filter>Resource Files\dialogs</Filter>
    </Xml>
    <Xml Include="..\..\..\rsrc\dialogs\get-items.xml">
      <Filter>Resource Files\dialogs</Filter>
    </Xml>
    <Xml Include="..\..\..\rsrc\dialogs\get-mabil-num.xml">
      <Filter>Resource Files\dialogs</Filter>
    </Xml>
    <Xml Include="..\..\..\rsrc\dialogs\get-num.xml">
      <Filter>Resource Files\dialogs</Filter>
    </Xml>
    <Xml Include="..\..\..\rsrc\dialogs\get-response.xml">
      <Filter>Resource Files\dialogs</Filter>
    </Xml>
    <Xml Include="..\..\..\rsrc\dialogs\graphic-sheets.xml">
      <Filter>Resource Files\dialogs</Filter>
    </Xml>
    <Xml Include="..\..\..\rsrc\dialogs\graphic-types.xml">
      <Filter>Resource Files\dialogs</Filter>
    </Xml>
    <Xml Include="..\..\..\rsrc\dialogs\have-no-pics.xml">
      <Filter>Resource Files\dialogs</Filter>
    </Xml>
    <Xml Include="..\..\..\rsrc\dialogs\have-only-full-pics.xml">
      <Filter>Resource Files\dialogs</Filter>
    </Xml>
    <Xml Include="..\..\..\rsrc\dialogs\help-combat.xml">
      <Filter>Resource Files\dialogs</Filter>
    </Xml>
    <Xml Include="..\..\..\rsrc\dialogs\help-contest.xml">
      <Filter>Resource Files\dialogs</Filter>
    </Xml>
    <Xml Include="..\..\..\rsrc\dialogs\help-debug.xml">
      <Filter>Resource Files\dialogs</Filter>
    </Xml>
    <Xml Include="..\..\..\rsrc\dialogs\help-distributing.xml">
      <Filter>Resource Files\dialogs</Filter>
    </Xml>
    <Xml Include="..\..\..\rsrc\dialogs\help-editing.xml">
      <Filter>Resource Files\dialogs</Filter>
    </Xml>
    <Xml Include="..\..\..\rsrc\dialogs\help-fields.xml">
      <Filter>Resource Files\dialogs</Filter>
    </Xml>
    <Xml Include="..\..\..\rsrc\dialogs\help-hints.xml">
      <Filter>Resource Files\dialogs</Filter>
    </Xml>
    <Xml Include="..\..\..\rsrc\dialogs\help-inventory.xml">
      <Filter>Resource Files\dialogs</Filter>
    </Xml>
    <Xml Include="..\..\..\rsrc\dialogs\help-magic.xml">
      <Filter>Resource Files\dialogs</Filter>
    </Xml>
    <Xml Include="..\..\..\rsrc\dialogs\help-outdoor.xml">
      <Filter>Resource Files\dialogs</Filter>
    </Xml>
    <Xml Include="..\..\..\rsrc\dialogs\help-party.xml">
      <Filter>Resource Files\dialogs</Filter>
    </Xml>
    <Xml Include="..\..\..\rsrc\dialogs\help-testing.xml">
      <Filter>Resource Files\dialogs</Filter>
    </Xml>
    <Xml Include="..\..\..\rsrc\dialogs\help-town.xml">
      <Filter>Resource Files\dialogs</Filter>
    </Xml>
    <Xml Include="..\..\..\rsrc\dialogs\inventory-full.xml">
      <Filter>Resource Files\dialogs</Filter>
    </Xml>
    <Xml Include="..\..\..\rsrc\dialogs\item-info.xml">
      <Filter>Resource Files\dialogs</Filter>
    </Xml>
    <Xml Include="..\..\..\rsrc\dialogs\job-board.xml">
      <Filter>Resource Files\dialogs</Filter>
    </Xml>
    <Xml Include="..\..\..\rsrc\dialogs\keep-stored-items.xml">
      <Filter>Resource Files\dialogs</Filter>
    </Xml>
    <Xml Include="..\..\..\rsrc\dialogs\leave-scenario.xml">
      <Filter>Resource Files\dialogs</Filter>
    </Xml>
    <Xml Include="..\..\..\rsrc\dialogs\leave-town.xml">
      <Filter>Resource Files\dialogs</Filter>
    </Xml>
    <Xml Include="..\..\..\rsrc\dialogs\locked-door-action.xml">
      <Filter>Resource Files\dialogs</Filter>
    </Xml>
    <Xml Include="..\..\..\rsrc\dialogs\make-scenario1.xml">
      <Filter>Resource Files\dialogs</Filter>
    </Xml>
    <Xml Include="..\..\..\rsrc\dialogs\make-scenario2.xml">
      <Filter>Resource Files\dialogs</Filter>
    </Xml>
    <Xml Include="..\..\..\rsrc\dialogs\many-str.xml">
      <Filter>Resource Files\dialogs</Filter>
    </Xml>
    <Xml Include="..\..\..\rsrc\dialogs\monster-info.xml">
      <Filter>Resource Files\dialogs</Filter>
    </Xml>
    <Xml Include="..\..\..\rsrc\dialogs\must-delete-in-order.xml">
      <Filter>Resource Files\dialogs</Filter>
    </Xml>
    <Xml Include="..\..\..\rsrc\dialogs\need-party.xml">
      <Filter>Resource Files\dialogs</Filter>
    </Xml>
    <Xml Include="..\..\..\rsrc\dialogs\new-party.xml">
      <Filter>Resource Files\dialogs</Filter>
    </Xml>
    <Xml Include="..\..\..\rsrc\dialogs\new-town.xml">
      <Filter>Resource Files\dialogs</Filter>
    </Xml>
    <Xml Include="..\..\..\rsrc\dialogs\no-scenarios.xml">
      <Filter>Resource Files\dialogs</Filter>
    </Xml>
    <Xml Include="..\..\..\rsrc\dialogs\not-at-edge.xml">
      <Filter>Resource Files\dialogs</Filter>
    </Xml>
    <Xml Include="..\..\..\rsrc\dialogs\not-split.xml">
      <Filter>Resource Files\dialogs</Filter>
    </Xml>
    <Xml Include="..\..\..\rsrc\dialogs\party-death.xml">
      <Filter>Resource Files\dialogs</Filter>
    </Xml>
    <Xml Include="..\..\..\rsrc\dialogs\pc-alchemy-info.xml">
      <Filter>Resource Files\dialogs</Filter>
    </Xml>
    <Xml Include="..\..\..\rsrc\dialogs\pc-info.xml">
      <Filter>Resource Files\dialogs</Filter>
    </Xml>
    <Xml Include="..\..\..\rsrc\dialogs\pc-spell-info.xml">
      <Filter>Resource Files\dialogs</Filter>
    </Xml>
    <Xml Include="..\..\..\rsrc\dialogs\pick-pc-name.xml">
      <Filter>Resource Files\dialogs</Filter>
    </Xml>
    <Xml Include="..\..\..\rsrc\dialogs\pick-potion.xml">
      <Filter>Resource Files\dialogs</Filter>
    </Xml>
    <Xml Include="..\..\..\rsrc\dialogs\pick-prefab-scen.xml">
      <Filter>Resource Files\dialogs</Filter>
    </Xml>
    <Xml Include="..\..\..\rsrc\dialogs\pick-race-abil.xml">
      <Filter>Resource Files\dialogs</Filter>
    </Xml>
    <Xml Include="..\..\..\rsrc\dialogs\pick-scenario.xml">
      <Filter>Resource Files\dialogs</Filter>
    </Xml>
    <Xml Include="..\..\..\rsrc\dialogs\pick-spec-type.xml">
      <Filter>Resource Files\dialogs</Filter>
    </Xml>
    <Xml Include="..\..\..\rsrc\dialogs\preferences.xml">
      <Filter>Resource Files\dialogs</Filter>
    </Xml>
    <Xml Include="..\..\..\rsrc\dialogs\quest-info.xml">
      <Filter>Resource Files\dialogs</Filter>
    </Xml>
    <Xml Include="..\..\..\rsrc\dialogs\quit-confirm-nosave.xml">
      <Filter>Resource Files\dialogs</Filter>
    </Xml>
    <Xml Include="..\..\..\rsrc\dialogs\quit-confirm-save.xml">
      <Filter>Resource Files\dialogs</Filter>
    </Xml>
    <Xml Include="..\..\..\rsrc\dialogs\removed-special-items.xml">
      <Filter>Resource Files\dialogs</Filter>
    </Xml>
    <Xml Include="..\..\..\rsrc\dialogs\resize-outdoors.xml">
      <Filter>Resource Files\dialogs</Filter>
    </Xml>
    <Xml Include="..\..\..\rsrc\dialogs\restart-game.xml">
      <Filter>Resource Files\dialogs</Filter>
    </Xml>
    <Xml Include="..\..\..\rsrc\dialogs\reunited.xml">
      <Filter>Resource Files\dialogs</Filter>
    </Xml>
    <Xml Include="..\..\..\rsrc\dialogs\reunite-first.xml">
      <Filter>Resource Files\dialogs</Filter>
    </Xml>
    <Xml Include="..\..\..\rsrc\dialogs\save-before-close.xml">
      <Filter>Resource Files\dialogs</Filter>
    </Xml>
    <Xml Include="..\..\..\rsrc\dialogs\save-before-load.xml">
      <Filter>Resource Files\dialogs</Filter>
    </Xml>
    <Xml Include="..\..\..\rsrc\dialogs\save-before-quit.xml">
      <Filter>Resource Files\dialogs</Filter>
    </Xml>
    <Xml Include="..\..\..\rsrc\dialogs\save-before-revert.xml">
      <Filter>Resource Files\dialogs</Filter>
    </Xml>
    <Xml Include="..\..\..\rsrc\dialogs\save-close.xml">
      <Filter>Resource Files\dialogs</Filter>
    </Xml>
    <Xml Include="..\..\..\rsrc\dialogs\save-open.xml">
      <Filter>Resource Files\dialogs</Filter>
    </Xml>
    <Xml Include="..\..\..\rsrc\dialogs\save-quit.xml">
      <Filter>Resource Files\dialogs</Filter>
    </Xml>
    <Xml Include="..\..\..\rsrc\dialogs\save-revert.xml">
      <Filter>Resource Files\dialogs</Filter>
    </Xml>
    <Xml Include="..\..\..\rsrc\dialogs\save-section-confirm.xml">
      <Filter>Resource Files\dialogs</Filter>
    </Xml>
    <Xml Include="..\..\..\rsrc\dialogs\scen-version-mismatch.xml">
      <Filter>Resource Files\dialogs</Filter>
    </Xml>
    <Xml Include="..\..\..\rsrc\dialogs\select-import-town.xml">
      <Filter>Resource Files\dialogs</Filter>
    </Xml>
    <Xml Include="..\..\..\rsrc\dialogs\select-pc.xml">
      <Filter>Resource Files\dialogs</Filter>
    </Xml>
    <Xml Include="..\..\..\rsrc\dialogs\select-sector.xml">
      <Filter>Resource Files\dialogs</Filter>
    </Xml>
    <Xml Include="..\..\..\rsrc\dialogs\select-town-edit.xml">
      <Filter>Resource Files\dialogs</Filter>
    </Xml>
    <Xml Include="..\..\..\rsrc\dialogs\select-town-enter.xml">
      <Filter>Resource Files\dialogs</Filter>
    </Xml>
    <Xml Include="..\..\..\rsrc\dialogs\set-area-desc.xml">
      <Filter>Resource Files\dialogs</Filter>
    </Xml>
    <Xml Include="..\..\..\rsrc\dialogs\set-not-owned.xml">
      <Filter>Resource Files\dialogs</Filter>
    </Xml>
    <Xml Include="..\..\..\rsrc\dialogs\set-out-start-confirm.xml">
      <Filter>Resource Files\dialogs</Filter>
    </Xml>
    <Xml Include="..\..\..\rsrc\dialogs\set-sdf.xml">
      <Filter>Resource Files\dialogs</Filter>
    </Xml>
    <Xml Include="..\..\..\rsrc\dialogs\set-start-loc.xml">
      <Filter>Resource Files\dialogs</Filter>
    </Xml>
    <Xml Include="..\..\..\rsrc\dialogs\show-map.xml">
      <Filter>Resource Files\dialogs</Filter>
    </Xml>
    <Xml Include="..\..\..\rsrc\dialogs\skill-info.xml">
      <Filter>Resource Files\dialogs</Filter>
    </Xml>
    <Xml Include="..\..\..\rsrc\dialogs\slimy-stair-down.xml">
      <Filter>Resource Files\dialogs</Filter>
    </Xml>
    <Xml Include="..\..\..\rsrc\dialogs\slimy-stair-up.xml">
      <Filter>Resource Files\dialogs</Filter>
    </Xml>
    <Xml Include="..\..\..\rsrc\dialogs\soul-crystal.xml">
      <Filter>Resource Files\dialogs</Filter>
    </Xml>
    <Xml Include="..\..\..\rsrc\dialogs\spell-info.xml">
      <Filter>Resource Files\dialogs</Filter>
    </Xml>
    <Xml Include="..\..\..\rsrc\dialogs\spend-xp.xml">
      <Filter>Resource Files\dialogs</Filter>
    </Xml>
    <Xml Include="..\..\..\rsrc\dialogs\steal-item.xml">
      <Filter>Resource Files\dialogs</Filter>
    </Xml>
    <Xml Include="..\..\..\rsrc\dialogs\talk-notes.xml">
      <Filter>Resource Files\dialogs</Filter>
    </Xml>
    <Xml Include="..\..\..\rsrc\dialogs\text-dump-confirm.xml">
      <Filter>Resource Files\dialogs</Filter>
    </Xml>
    <Xml Include="..\..\..\rsrc\dialogs\tip-of-day.xml">
      <Filter>Resource Files\dialogs</Filter>
    </Xml>
    <Xml Include="..\..\..\rsrc\dialogs\view-sign.xml">
      <Filter>Resource Files\dialogs</Filter>
    </Xml>
    <Xml Include="..\..\..\rsrc\dialogs\welcome.xml">
      <Filter>Resource Files\dialogs</Filter>
    </Xml>
  </ItemGroup>
  <ItemGroup>
    <ClCompile Include="..\..\utility.cpp" />
    <ClCompile Include="..\..\view_dialogs.cpp" />
    <ClCompile Include="..\..\location.cpp" />
    <ClCompile Include="..\..\mathutil.cpp" />
    <ClCompile Include="..\..\porting.cpp" />
    <ClCompile Include="..\..\sounds.cpp" />
    <ClCompile Include="..\..\spell.cpp" />
    <ClCompile Include="..\..\universe\creature.cpp">
      <Filter>Universe</Filter>
    </ClCompile>
    <ClCompile Include="..\..\universe\living.cpp">
      <Filter>Universe</Filter>
    </ClCompile>
    <ClCompile Include="..\..\universe\party.cpp">
      <Filter>Universe</Filter>
    </ClCompile>
    <ClCompile Include="..\..\universe\pc.cpp">
      <Filter>Universe</Filter>
    </ClCompile>
    <ClCompile Include="..\..\universe\population.cpp">
      <Filter>Universe</Filter>
    </ClCompile>
    <ClCompile Include="..\..\universe\universe.cpp">
      <Filter>Universe</Filter>
    </ClCompile>
    <ClCompile Include="..\..\tools\winutil.win.cpp">
      <Filter>Tools</Filter>
    </ClCompile>
    <ClCompile Include="..\..\tools\cursors.win.cpp">
      <Filter>Tools</Filter>
    </ClCompile>
    <ClCompile Include="..\..\tools\menu_accel.win.cpp">
      <Filter>Tools</Filter>
    </ClCompile>
    <ClCompile Include="..\..\tools\prefs.win.cpp">
      <Filter>Tools</Filter>
    </ClCompile>
    <ClCompile Include="..\..\tools\undo.cpp">
      <Filter>Tools</Filter>
    </ClCompile>
    <ClCompile Include="..\..\scenario\special.cpp">
      <Filter>Scenario</Filter>
    </ClCompile>
    <ClCompile Include="..\..\scenario\talking.cpp">
      <Filter>Scenario</Filter>
    </ClCompile>
    <ClCompile Include="..\..\scenario\terrain.cpp">
      <Filter>Scenario</Filter>
    </ClCompile>
    <ClCompile Include="..\..\scenario\town.cpp">
      <Filter>Scenario</Filter>
    </ClCompile>
    <ClCompile Include="..\..\scenario\vehicle.cpp">
      <Filter>Scenario</Filter>
    </ClCompile>
    <ClCompile Include="..\..\scenario\item.cpp">
      <Filter>Scenario</Filter>
    </ClCompile>
    <ClCompile Include="..\..\scenario\monster.cpp">
      <Filter>Scenario</Filter>
    </ClCompile>
    <ClCompile Include="..\..\scenario\outdoors.cpp">
      <Filter>Scenario</Filter>
    </ClCompile>
    <ClCompile Include="..\..\scenario\scenario.cpp">
      <Filter>Scenario</Filter>
    </ClCompile>
    <ClCompile Include="..\..\scenario\shop.cpp">
      <Filter>Scenario</Filter>
    </ClCompile>
    <ClCompile Include="..\..\gfx\render_image.cpp">
      <Filter>Gfx</Filter>
    </ClCompile>
    <ClCompile Include="..\..\gfx\render_shapes.cpp">
      <Filter>Gfx</Filter>
    </ClCompile>
    <ClCompile Include="..\..\gfx\render_text.cpp">
      <Filter>Gfx</Filter>
    </ClCompile>
    <ClCompile Include="..\..\gfx\tiling.cpp">
      <Filter>Gfx</Filter>
    </ClCompile>
    <ClCompile Include="..\..\gfx\gfxsheets.cpp">
      <Filter>Gfx</Filter>
    </ClCompile>
    <ClCompile Include="..\..\fileio\debugout.win.cpp">
      <Filter>FileIO</Filter>
    </ClCompile>
    <ClCompile Include="..\..\fileio\estreams.cpp">
      <Filter>FileIO</Filter>
    </ClCompile>
    <ClCompile Include="..\..\fileio\fileio.cpp">
      <Filter>FileIO</Filter>
    </ClCompile>
    <ClCompile Include="..\..\fileio\fileio_party.cpp">
      <Filter>FileIO</Filter>
    </ClCompile>
    <ClCompile Include="..\..\fileio\fileio_scen.cpp">
      <Filter>FileIO</Filter>
    </ClCompile>
    <ClCompile Include="..\..\fileio\map_parse.cpp">
      <Filter>FileIO</Filter>
    </ClCompile>
    <ClCompile Include="..\..\fileio\special_parse.cpp">
      <Filter>FileIO</Filter>
    </ClCompile>
    <ClCompile Include="..\..\fileio\tarball.cpp">
      <Filter>FileIO</Filter>
    </ClCompile>
    <ClCompile Include="..\..\fileio\xml-parser\tinystr.cpp">
      <Filter>FileIO\TinyXML</Filter>
    </ClCompile>
    <ClCompile Include="..\..\fileio\xml-parser\tinyxml.cpp">
      <Filter>FileIO\TinyXML</Filter>
    </ClCompile>
    <ClCompile Include="..\..\fileio\xml-parser\tinyxmlerror.cpp">
      <Filter>FileIO\TinyXML</Filter>
    </ClCompile>
    <ClCompile Include="..\..\fileio\xml-parser\tinyxmlparser.cpp">
      <Filter>FileIO\TinyXML</Filter>
    </ClCompile>
    <ClCompile Include="..\..\fileio\xml-parser\ticpp.cpp">
      <Filter>FileIO\TinyXML</Filter>
    </ClCompile>
    <ClCompile Include="..\..\fileio\xml-parser\tinyprint.cpp">
      <Filter>FileIO\TinyXML</Filter>
    </ClCompile>
    <ClCompile Include="..\..\fileio\gzstream\gzstream.cpp">
      <Filter>FileIO\GZStream</Filter>
    </ClCompile>
    <ClCompile Include="..\..\fileio\resmgr\restypes.cpp">
      <Filter>FileIO\ResMgr</Filter>
    </ClCompile>
    <ClCompile Include="..\..\dialogxml\dialogs\pictchoice.cpp">
      <Filter>DialogXML\Dialogs</Filter>
    </ClCompile>
    <ClCompile Include="..\..\dialogxml\dialogs\strchoice.cpp">
      <Filter>DialogXML\Dialogs</Filter>
    </ClCompile>
    <ClCompile Include="..\..\dialogxml\dialogs\strdlog.cpp">
      <Filter>DialogXML\Dialogs</Filter>
    </ClCompile>
    <ClCompile Include="..\..\dialogxml\dialogs\3choice.cpp">
      <Filter>DialogXML\Dialogs</Filter>
    </ClCompile>
    <ClCompile Include="..\..\dialogxml\dialogs\choicedlog.cpp">
      <Filter>DialogXML\Dialogs</Filter>
    </ClCompile>
    <ClCompile Include="..\..\dialogxml\dialogs\dialog.cpp">
      <Filter>DialogXML\Dialogs</Filter>
    </ClCompile>
    <ClCompile Include="..\..\dialogxml\widgets\message.cpp">
      <Filter>DialogXML\Widgets</Filter>
    </ClCompile>
    <ClCompile Include="..\..\dialogxml\widgets\pict.cpp">
      <Filter>DialogXML\Widgets</Filter>
    </ClCompile>
    <ClCompile Include="..\..\dialogxml\widgets\scrollbar.cpp">
      <Filter>DialogXML\Widgets</Filter>
    </ClCompile>
    <ClCompile Include="..\..\dialogxml\widgets\scrollpane.cpp">
      <Filter>DialogXML\Widgets</Filter>
    </ClCompile>
    <ClCompile Include="..\..\dialogxml\widgets\stack.cpp">
      <Filter>DialogXML\Widgets</Filter>
    </ClCompile>
    <ClCompile Include="..\..\dialogxml\widgets\basicbtns.cpp">
      <Filter>DialogXML\Widgets</Filter>
    </ClCompile>
    <ClCompile Include="..\..\dialogxml\widgets\button.cpp">
      <Filter>DialogXML\Widgets</Filter>
    </ClCompile>
    <ClCompile Include="..\..\dialogxml\widgets\control.cpp">
      <Filter>DialogXML\Widgets</Filter>
    </ClCompile>
    <ClCompile Include="..\..\dialogxml\widgets\field.cpp">
      <Filter>DialogXML\Widgets</Filter>
    </ClCompile>
    <ClCompile Include="..\..\oldstructs.cpp" />
  </ItemGroup>
  <ItemGroup>
    <ClInclude Include="..\..\utility.hpp" />
    <ClInclude Include="..\..\view_dialogs.hpp" />
    <ClInclude Include="..\..\alchemy.hpp" />
    <ClInclude Include="..\..\damage.hpp" />
    <ClInclude Include="..\..\fields.hpp" />
    <ClInclude Include="..\..\global.hpp" />
    <ClInclude Include="..\..\location.hpp" />
    <ClInclude Include="..\..\mathutil.hpp" />
    <ClInclude Include="..\..\oldstructs.hpp" />
    <ClInclude Include="..\..\porting.hpp" />
    <ClInclude Include="..\..\race.hpp" />
    <ClInclude Include="..\..\skills_traits.hpp" />
    <ClInclude Include="..\..\sounds.hpp" />
    <ClInclude Include="..\..\spell.hpp" />
    <ClInclude Include="..\..\universe\universe.hpp">
      <Filter>Universe</Filter>
    </ClInclude>
    <ClInclude Include="..\..\universe\creature.hpp">
      <Filter>Universe</Filter>
    </ClInclude>
    <ClInclude Include="..\..\universe\living.hpp">
      <Filter>Universe</Filter>
    </ClInclude>
    <ClInclude Include="..\..\universe\party.hpp">
      <Filter>Universe</Filter>
    </ClInclude>
    <ClInclude Include="..\..\universe\pc.hpp">
      <Filter>Universe</Filter>
    </ClInclude>
    <ClInclude Include="..\..\universe\population.hpp">
      <Filter>Universe</Filter>
    </ClInclude>
    <ClInclude Include="..\..\tools\winutil.hpp">
      <Filter>Tools</Filter>
    </ClInclude>
    <ClInclude Include="..\..\tools\cursors.hpp">
      <Filter>Tools</Filter>
    </ClInclude>
    <ClInclude Include="..\..\tools\gitrev.hpp">
      <Filter>Tools</Filter>
    </ClInclude>
    <ClInclude Include="..\..\tools\menu_accel.win.hpp">
      <Filter>Tools</Filter>
    </ClInclude>
    <ClInclude Include="..\..\tools\prefs.hpp">
      <Filter>Tools</Filter>
    </ClInclude>
    <ClInclude Include="..\..\tools\undo.hpp">
      <Filter>Tools</Filter>
    </ClInclude>
    <ClInclude Include="..\..\tools\vector2d.hpp">
      <Filter>Tools</Filter>
    </ClInclude>
    <ClInclude Include="..\..\scenario\shop.hpp">
      <Filter>Scenario</Filter>
    </ClInclude>
    <ClInclude Include="..\..\scenario\special.hpp">
      <Filter>Scenario</Filter>
    </ClInclude>
    <ClInclude Include="..\..\scenario\talking.hpp">
      <Filter>Scenario</Filter>
    </ClInclude>
    <ClInclude Include="..\..\scenario\terrain.hpp">
      <Filter>Scenario</Filter>
    </ClInclude>
    <ClInclude Include="..\..\scenario\terrain_abilities.hpp">
      <Filter>Scenario</Filter>
    </ClInclude>
    <ClInclude Include="..\..\scenario\town.hpp">
      <Filter>Scenario</Filter>
    </ClInclude>
    <ClInclude Include="..\..\scenario\vehicle.hpp">
      <Filter>Scenario</Filter>
    </ClInclude>
    <ClInclude Include="..\..\scenario\area.hpp">
      <Filter>Scenario</Filter>
    </ClInclude>
    <ClInclude Include="..\..\scenario\item.hpp">
      <Filter>Scenario</Filter>
    </ClInclude>
    <ClInclude Include="..\..\scenario\item_abilities.hpp">
      <Filter>Scenario</Filter>
    </ClInclude>
    <ClInclude Include="..\..\scenario\item_variety.hpp">
      <Filter>Scenario</Filter>
    </ClInclude>
    <ClInclude Include="..\..\scenario\monster.hpp">
      <Filter>Scenario</Filter>
    </ClInclude>
    <ClInclude Include="..\..\scenario\monster_abilities.hpp">
      <Filter>Scenario</Filter>
    </ClInclude>
    <ClInclude Include="..\..\scenario\outdoors.hpp">
      <Filter>Scenario</Filter>
    </ClInclude>
    <ClInclude Include="..\..\scenario\quest.hpp">
      <Filter>Scenario</Filter>
    </ClInclude>
    <ClInclude Include="..\..\scenario\scenario.hpp">
      <Filter>Scenario</Filter>
    </ClInclude>
    <ClInclude Include="..\..\gfx\gfxsheets.hpp">
      <Filter>Gfx</Filter>
    </ClInclude>
    <ClInclude Include="..\..\gfx\render_image.hpp">
      <Filter>Gfx</Filter>
    </ClInclude>
    <ClInclude Include="..\..\gfx\render_shapes.hpp">
      <Filter>Gfx</Filter>
    </ClInclude>
    <ClInclude Include="..\..\gfx\render_text.hpp">
      <Filter>Gfx</Filter>
    </ClInclude>
    <ClInclude Include="..\..\gfx\tiling.hpp">
      <Filter>Gfx</Filter>
    </ClInclude>
    <ClInclude Include="..\..\fileio\fileio.hpp">
      <Filter>FileIO</Filter>
    </ClInclude>
    <ClInclude Include="..\..\fileio\map_parse.hpp">
      <Filter>FileIO</Filter>
    </ClInclude>
    <ClInclude Include="..\..\fileio\special_parse.hpp">
      <Filter>FileIO</Filter>
    </ClInclude>
    <ClInclude Include="..\..\fileio\tarball.hpp">
      <Filter>FileIO</Filter>
    </ClInclude>
    <ClInclude Include="..\..\fileio\xml-parser\tinystr.h">
      <Filter>FileIO\TinyXML</Filter>
    </ClInclude>
    <ClInclude Include="..\..\fileio\xml-parser\tinyxml.h">
      <Filter>FileIO\TinyXML</Filter>
    </ClInclude>
    <ClInclude Include="..\..\fileio\xml-parser\ticpp.h">
      <Filter>FileIO\TinyXML</Filter>
    </ClInclude>
    <ClInclude Include="..\..\fileio\xml-parser\ticpprc.h">
      <Filter>FileIO\TinyXML</Filter>
    </ClInclude>
    <ClInclude Include="..\..\fileio\xml-parser\tinyprint.h">
      <Filter>FileIO\TinyXML</Filter>
    </ClInclude>
    <ClInclude Include="..\..\fileio\gzstream\gzstream.h">
      <Filter>FileIO\GZStream</Filter>
    </ClInclude>
    <ClInclude Include="..\..\fileio\resmgr\res_image.hpp">
      <Filter>FileIO\ResMgr</Filter>
    </ClInclude>
    <ClInclude Include="..\..\fileio\resmgr\res_sound.hpp">
      <Filter>FileIO\ResMgr</Filter>
    </ClInclude>
    <ClInclude Include="..\..\fileio\resmgr\res_strings.hpp">
      <Filter>FileIO\ResMgr</Filter>
    </ClInclude>
    <ClInclude Include="..\..\fileio\resmgr\resmgr.hpp">
      <Filter>FileIO\ResMgr</Filter>
    </ClInclude>
    <ClInclude Include="..\..\fileio\resmgr\res_cursor.hpp">
      <Filter>FileIO\ResMgr</Filter>
    </ClInclude>
    <ClInclude Include="..\..\fileio\resmgr\res_font.hpp">
      <Filter>FileIO\ResMgr</Filter>
    </ClInclude>
    <ClInclude Include="..\..\dialogxml\dialogs\pictchoice.hpp">
      <Filter>DialogXML\Dialogs</Filter>
    </ClInclude>
    <ClInclude Include="..\..\dialogxml\dialogs\strchoice.hpp">
      <Filter>DialogXML\Dialogs</Filter>
    </ClInclude>
    <ClInclude Include="..\..\dialogxml\dialogs\strdlog.hpp">
      <Filter>DialogXML\Dialogs</Filter>
    </ClInclude>
    <ClInclude Include="..\..\dialogxml\dialogs\3choice.hpp">
      <Filter>DialogXML\Dialogs</Filter>
    </ClInclude>
    <ClInclude Include="..\..\dialogxml\dialogs\choicedlog.hpp">
      <Filter>DialogXML\Dialogs</Filter>
    </ClInclude>
    <ClInclude Include="..\..\dialogxml\dialogs\dialog.hpp">
      <Filter>DialogXML\Dialogs</Filter>
    </ClInclude>
    <ClInclude Include="..\..\dialogxml\dialogs\dialog.keys.hpp">
      <Filter>DialogXML\Dialogs</Filter>
    </ClInclude>
    <ClInclude Include="..\..\dialogxml\dialogs\dlogevt.hpp">
      <Filter>DialogXML\Dialogs</Filter>
    </ClInclude>
    <ClInclude Include="..\..\dialogxml\widgets\message.hpp">
      <Filter>DialogXML\Widgets</Filter>
    </ClInclude>
    <ClInclude Include="..\..\dialogxml\widgets\pict.hpp">
      <Filter>DialogXML\Widgets</Filter>
    </ClInclude>
    <ClInclude Include="..\..\dialogxml\widgets\pictypes.hpp">
      <Filter>DialogXML\Widgets</Filter>
    </ClInclude>
    <ClInclude Include="..\..\dialogxml\widgets\scrollbar.hpp">
      <Filter>DialogXML\Widgets</Filter>
    </ClInclude>
    <ClInclude Include="..\..\dialogxml\widgets\scrollpane.hpp">
      <Filter>DialogXML\Widgets</Filter>
    </ClInclude>
    <ClInclude Include="..\..\dialogxml\widgets\stack.hpp">
      <Filter>DialogXML\Widgets</Filter>
    </ClInclude>
    <ClInclude Include="..\..\dialogxml\widgets\button.hpp">
      <Filter>DialogXML\Widgets</Filter>
    </ClInclude>
    <ClInclude Include="..\..\dialogxml\widgets\control.hpp">
      <Filter>DialogXML\Widgets</Filter>
    </ClInclude>
    <ClInclude Include="..\..\dialogxml\widgets\field.hpp">
      <Filter>DialogXML\Widgets</Filter>
    </ClInclude>
  </ItemGroup>
  <ItemGroup>
    <None Include="..\..\scenario\town_import.tpp">
      <Filter>Scenario</Filter>
    </None>
  </ItemGroup>
</Project>